
Microsoft Visual Studio Solution File, Format Version 12.00
# Visual Studio Version 17
VisualStudioVersion = 17.8.34511.84
MinimumVisualStudioVersion = 10.0.40219.1
Project("{FAE04EC0-301F-11D3-BF4B-00C04F79EFBC}") = "2312585_PNHBo_QuanLyCacDoiTuongXe", "2312585_PNHBo_QuanLyCacDoiTuongXe\2312585_PNHBo_QuanLyCacDoiTuongXe.csproj", "{2753F281-BC02-4EDE-B9BF-961728769761}"
EndProject
Global
	GlobalSection(SolutionConfigurationPlatforms) = preSolution
		Debug|Any CPU = Debug|Any CPU
		Release|Any CPU = Release|Any CPU
	EndGlobalSection
	GlobalSection(ProjectConfigurationPlatforms) = postSolution
		{2753F281-BC02-4EDE-B9BF-961728769761}.Debug|Any CPU.ActiveCfg = Debug|Any CPU
		{2753F281-BC02-4EDE-B9BF-961728769761}.Debug|Any CPU.Build.0 = Debug|Any CPU
		{2753F281-BC02-4EDE-B9BF-961728769761}.Release|Any CPU.ActiveCfg = Release|Any CPU
		{2753F281-BC02-4EDE-B9BF-961728769761}.Release|Any CPU.Build.0 = Release|Any CPU
	EndGlobalSection
	GlobalSection(SolutionProperties) = preSolution
		HideSolutionNode = FALSE
	EndGlobalSection
	GlobalSection(ExtensibilityGlobals) = postSolution
		SolutionGuid = {B1DEBFB5-335F-47E2-964F-DEF4C479BC93}
	EndGlobalSection
EndGlobal
