
Microsoft Visual Studio Solution File, Format Version 12.00
# Visual Studio Version 17
VisualStudioVersion = 17.8.34511.84
MinimumVisualStudioVersion = 10.0.40219.1
Project("{FAE04EC0-301F-11D3-BF4B-00C04F79EFBC}") = "QuanLyNguoi", "QuanLyNguoi\QuanLyNguoi.csproj", "{E9F727A0-8865-4EC1-B88C-2EBB8B870278}"
EndProject
Global
	GlobalSection(SolutionConfigurationPlatforms) = preSolution
		Debug|Any CPU = Debug|Any CPU
		Release|Any CPU = Release|Any CPU
	EndGlobalSection
	GlobalSection(ProjectConfigurationPlatforms) = postSolution
		{E9F727A0-8865-4EC1-B88C-2EBB8B870278}.Debug|Any CPU.ActiveCfg = Debug|Any CPU
		{E9F727A0-8865-4EC1-B88C-2EBB8B870278}.Debug|Any CPU.Build.0 = Debug|Any CPU
		{E9F727A0-8865-4EC1-B88C-2EBB8B870278}.Release|Any CPU.ActiveCfg = Release|Any CPU
		{E9F727A0-8865-4EC1-B88C-2EBB8B870278}.Release|Any CPU.Build.0 = Release|Any CPU
	EndGlobalSection
	GlobalSection(SolutionProperties) = preSolution
		HideSolutionNode = FALSE
	EndGlobalSection
	GlobalSection(ExtensibilityGlobals) = postSolution
		SolutionGuid = {3C9CB22A-2E58-4577-9457-F0D07B9712F7}
	EndGlobalSection
EndGlobal
