
Microsoft Visual Studio Solution File, Format Version 12.00
# Visual Studio Version 17
VisualStudioVersion = 17.9.34728.123
MinimumVisualStudioVersion = 10.0.40219.1
Project("{FAE04EC0-301F-11D3-BF4B-00C04F79EFBC}") = "Lab15_QuanLyDuLich", "Lab15_QuanLyDuLich.csproj", "{1C9627B4-9D14-4BC5-9FCB-15DB83F20297}"
EndProject
Global
	GlobalSection(SolutionConfigurationPlatforms) = preSolution
		Debug|Any CPU = Debug|Any CPU
		Release|Any CPU = Release|Any CPU
	EndGlobalSection
	GlobalSection(ProjectConfigurationPlatforms) = postSolution
		{1C9627B4-9D14-4BC5-9FCB-15DB83F20297}.Debug|Any CPU.ActiveCfg = Debug|Any CPU
		{1C9627B4-9D14-4BC5-9FCB-15DB83F20297}.Debug|Any CPU.Build.0 = Debug|Any CPU
		{1C9627B4-9D14-4BC5-9FCB-15DB83F20297}.Release|Any CPU.ActiveCfg = Release|Any CPU
		{1C9627B4-9D14-4BC5-9FCB-15DB83F20297}.Release|Any CPU.Build.0 = Release|Any CPU
	EndGlobalSection
	GlobalSection(SolutionProperties) = preSolution
		HideSolutionNode = FALSE
	EndGlobalSection
	GlobalSection(ExtensibilityGlobals) = postSolution
		SolutionGuid = {DC856236-E0DD-45F4-B1A6-9CA63104C448}
	EndGlobalSection
EndGlobal
